{
  "name": "ger-harness",
  "version": "1.0.0",
  "lockfileVersion": 3,
  "requires": true,
  "packages": {
    "": {
      "name": "ger-harness",
      "version": "1.0.0",
      "dependencies": {
        "@anthropic-ai/sdk": "^0.60.0"
      },
      "bin": {
        "ger": "src/index.js"
      }
    },
    "node_modules/@anthropic-ai/sdk": {
      "version": "0.60.0",
      "resolved": "https://registry.npmjs.org/@anthropic-ai/sdk/-/sdk-0.60.0.tgz",
      "integrity": "sha512-9zu/TXaUy8BZhXedDtt1wT3H4LOlpKDO1/ftiFpeR3N1PCr3KJFKkxxlQWWt1NNp08xSwUNJ3JNY8yhl8av6eQ==",
      "license": "MIT",
      "bin": {
        "anthropic-ai-sdk": "bin/cli"
      }
    }
  }
}
